
Microsoft Visual Studio Solution File, Format Version 12.00
# Visual Studio 15
VisualStudioVersion = 15.0.28307.705
MinimumVisualStudioVersion = 10.0.40219.1
Project("{FAE04EC0-301F-11D3-BF4B-00C04F79EFBC}") = "01mydemo", "01mydemo\01mydemo.csproj", "{4398E528-2E7D-44D2-8CA3-D8F663D97225}"
EndProject
Project("{FAE04EC0-301F-11D3-BF4B-00C04F79EFBC}") = "03demo", "ConsoleApplication1\03demo.csproj", "{88E5BD21-0A74-46A9-8FED-ACC1005FF525}"
EndProject
Project("{FAE04EC0-301F-11D3-BF4B-00C04F79EFBC}") = "02demo", "02demo\02demo.csproj", "{C7A26965-C1B9-41F1-8F27-557A6D30E936}"
EndProject
Project("{FAE04EC0-301F-11D3-BF4B-00C04F79EFBC}") = "04demo", "04demo\04demo.csproj", "{3CFA7B14-18CE-4BD0-9386-E58B3635EC1C}"
EndProject
Project("{FAE04EC0-301F-11D3-BF4B-00C04F79EFBC}") = "05demo", "05demo\05demo.csproj", "{392A42DE-1D57-421F-89E0-9A79115E3F99}"
EndProject
Project("{FAE04EC0-301F-11D3-BF4B-00C04F79EFBC}") = "06demo", "06demo\06demo.csproj", "{34F1040E-EF6D-4FD7-BFF9-901B83370D08}"
EndProject
Project("{FAE04EC0-301F-11D3-BF4B-00C04F79EFBC}") = "07demo", "07demo\07demo.csproj", "{149A96C7-D3E5-4C1A-930D-275B6EB86F76}"
EndProject
Project("{FAE04EC0-301F-11D3-BF4B-00C04F79EFBC}") = "08demo", "08demo\08demo.csproj", "{FABA7F99-CFAD-4438-85CF-3AFFFA6315AF}"
EndProject
Project("{FAE04EC0-301F-11D3-BF4B-00C04F79EFBC}") = "09demo", "09demo\09demo.csproj", "{74B549BF-9414-4C23-B207-7642B19A2EFF}"
EndProject
Project("{FAE04EC0-301F-11D3-BF4B-00C04F79EFBC}") = "10demo", "10demo\10demo.csproj", "{45A72EDC-E3FE-46D2-9296-FB8EF1176251}"
EndProject
Project("{FAE04EC0-301F-11D3-BF4B-00C04F79EFBC}") = "11飞行棋", "11飞行棋\11飞行棋.csproj", "{0932222D-6D39-4C79-9657-0D272AF188C8}"
EndProject
Project("{FAE04EC0-301F-11D3-BF4B-00C04F79EFBC}") = "11demo", "11demo\11demo.csproj", "{A287FE6F-0F33-49F1-8C87-9CDC5509C1E3}"
EndProject
Project("{FAE04EC0-301F-11D3-BF4B-00C04F79EFBC}") = "12demo", "12demo\12demo.csproj", "{03A1FB39-62E8-4CB6-BBC6-3998132EB3E3}"
EndProject
Project("{FAE04EC0-301F-11D3-BF4B-00C04F79EFBC}") = "13demo", "13demo\13demo.csproj", "{C1FCE1F3-D5EA-4EB4-A998-58145BDC3B1A}"
EndProject
Project("{FAE04EC0-301F-11D3-BF4B-00C04F79EFBC}") = "14demo", "14demo\14demo.csproj", "{68D186FB-07BC-4AC2-93E5-F60344FCFD18}"
EndProject
Project("{FAE04EC0-301F-11D3-BF4B-00C04F79EFBC}") = "15demo", "15demo\15demo.csproj", "{58F774CB-2045-400E-84D6-3954933EF59A}"
EndProject
Project("{FAE04EC0-301F-11D3-BF4B-00C04F79EFBC}") = "16序列化和反序列化", "16序列化和反序列化\16序列化和反序列化.csproj", "{94344B63-DEFC-4D77-8BC5-3B7379D8A862}"
EndProject
Project("{FAE04EC0-301F-11D3-BF4B-00C04F79EFBC}") = "17银行收银系统", "17银行收银系统\17银行收银系统.csproj", "{C4ADC43B-E8B3-4411-8BE4-663E4B983D30}"
EndProject
Project("{FAE04EC0-301F-11D3-BF4B-00C04F79EFBC}") = "18MD5", "18MD5\18MD5.csproj", "{BB408A63-6594-43AB-8ACC-5537E5FE68D0}"
EndProject
Project("{FAE04EC0-301F-11D3-BF4B-00C04F79EFBC}") = "18demo", "18demo\18demo.csproj", "{8108DB15-372E-41B7-8790-094C5A999EA6}"
EndProject
Project("{FAE04EC0-301F-11D3-BF4B-00C04F79EFBC}") = "19Timer", "19Timer\19Timer.csproj", "{61EE2199-8372-4CB4-A013-597F748A1DB5}"
EndProject
Project("{FAE04EC0-301F-11D3-BF4B-00C04F79EFBC}") = "20学生登录或者老师登录", "20学生登录或者老师登录\20学生登录或者老师登录.csproj", "{4319EDC1-4588-4944-8E9B-C911A17F344A}"
EndProject
Project("{FAE04EC0-301F-11D3-BF4B-00C04F79EFBC}") = "21MDi窗体", "21MDi窗体\21MDi窗体.csproj", "{5BC934CC-70F4-4E16-A23D-1A3B18AE6B14}"
EndProject
Project("{FAE04EC0-301F-11D3-BF4B-00C04F79EFBC}") = "22图片翻页", "22图片翻页\22图片翻页.csproj", "{B85F9FFA-10E9-4D59-8020-D58E2185C2A5}"
EndProject
Project("{FAE04EC0-301F-11D3-BF4B-00C04F79EFBC}") = "23图片和Timer", "23图片和Timer\23图片和Timer.csproj", "{99DD58A5-98D5-4C0C-B87B-3EA79F47AB97}"
EndProject
Project("{FAE04EC0-301F-11D3-BF4B-00C04F79EFBC}") = "24WebBrower", "24WebBrower\24WebBrower.csproj", "{47341151-A4A7-4A4B-8671-C7BA1E917EEE}"
EndProject
Project("{FAE04EC0-301F-11D3-BF4B-00C04F79EFBC}") = "25日期选择器", "25日期选择器\25日期选择器.csproj", "{B6BE318A-4831-4B0C-843B-8D8E357B33E7}"
EndProject
Project("{FAE04EC0-301F-11D3-BF4B-00C04F79EFBC}") = "26ListBox和PictureBox", "26ListBox和PictureBox\26ListBox和PictureBox.csproj", "{445B72C3-DEB9-4E54-BBAC-F31B266B32A7}"
EndProject
Project("{FAE04EC0-301F-11D3-BF4B-00C04F79EFBC}") = "27石头剪刀布", "27石头剪刀布\27石头剪刀布.csproj", "{D785E6A7-5739-40D2-8631-C165660EB2E3}"
EndProject
Project("{FAE04EC0-301F-11D3-BF4B-00C04F79EFBC}") = "28Dialog", "28Dialog\28Dialog.csproj", "{B39FE6DB-03BC-44F5-9C2A-3AB1A8AA609E}"
EndProject
Project("{FAE04EC0-301F-11D3-BF4B-00C04F79EFBC}") = "29保存对话框", "29保存对话框\29保存对话框.csproj", "{5DB4441E-9813-448F-9833-917C2EB6865B}"
EndProject
Project("{FAE04EC0-301F-11D3-BF4B-00C04F79EFBC}") = "30记事本程序", "30记事本程序\30记事本程序.csproj", "{8A716009-04F6-4B46-B67A-ECD1A0528A43}"
EndProject
Project("{FAE04EC0-301F-11D3-BF4B-00C04F79EFBC}") = "31摇奖机", "31摇奖机\31摇奖机.csproj", "{62F4382A-76B4-48CB-A8F2-21339B87441A}"
EndProject
Project("{FAE04EC0-301F-11D3-BF4B-00C04F79EFBC}") = "32模拟CMD打开文件", "32模拟CMD打开文件\32模拟CMD打开文件.csproj", "{0F2D8517-F555-499B-B22B-4F0741E809CC}"
EndProject
Project("{FAE04EC0-301F-11D3-BF4B-00C04F79EFBC}") = "33音乐播放器", "33音乐播放器\33音乐播放器.csproj", "{B62E925D-0C27-4CC6-AB12-88732718FADF}"
EndProject
Project("{FAE04EC0-301F-11D3-BF4B-00C04F79EFBC}") = "34单例模式", "34单例模式\34单例模式.csproj", "{B3780313-2A4D-4A0E-BFA5-5659CE64FC00}"
EndProject
Project("{FAE04EC0-301F-11D3-BF4B-00C04F79EFBC}") = "35创建XML", "35创建XML\35创建XML.csproj", "{4DFC58C6-D276-4B3A-94FD-0452C4392E52}"
EndProject
Project("{FAE04EC0-301F-11D3-BF4B-00C04F79EFBC}") = "36委托", "36委托\36委托.csproj", "{2C3CA729-1EEE-451F-AB8E-F92A161F34CB}"
EndProject
Project("{FAE04EC0-301F-11D3-BF4B-00C04F79EFBC}") = "37小鸟游戏", "37小鸟游戏\37小鸟游戏.csproj", "{89C129FF-A9D3-4A97-9949-23CD16F2DC63}"
EndProject
Project("{FAE04EC0-301F-11D3-BF4B-00C04F79EFBC}") = "39ADO.net", "39ADO.net\39ADO.net.csproj", "{4DE4D85F-295C-46E7-ABF6-8EB87A331CFA}"
EndProject
Project("{FAE04EC0-301F-11D3-BF4B-00C04F79EFBC}") = "40ADO增删改查", "40ADO增删改查\40ADO增删改查.csproj", "{8BCE4102-A942-4641-950A-955FD124498B}"
EndProject
Project("{FAE04EC0-301F-11D3-BF4B-00C04F79EFBC}") = "41存储过程", "41存储过程\41存储过程.csproj", "{31104EB3-3BC3-40EB-8F82-E4795BE667C2}"
EndProject
Project("{FAE04EC0-301F-11D3-BF4B-00C04F79EFBC}") = "42Email发送邮件", "42Email发送邮件\42Email发送邮件.csproj", "{3CFBF1AF-F9A9-4C58-9290-3E765E10931D}"
EndProject
Project("{FAE04EC0-301F-11D3-BF4B-00C04F79EFBC}") = "43EFDemo", "43EFDemo\43EFDemo.csproj", "{50C4C31C-20CD-403F-8950-3AEC9B67CBE0}"
EndProject
Project("{FAE04EC0-301F-11D3-BF4B-00C04F79EFBC}") = "44CodeFirstDemo", "44CodeFirstDemo\44CodeFirstDemo.csproj", "{1E1BFAE1-3CAA-4EDC-8F25-95D9CFB2F37C}"
EndProject
Project("{FAE04EC0-301F-11D3-BF4B-00C04F79EFBC}") = "45CodefirstForSQLLite", "45CodefirstForSQLLite\45CodefirstForSQLLite.csproj", "{2819EB60-C3F8-4EC0-9388-CA0F8499F761}"
EndProject
Project("{9A19103F-16F7-4668-BE54-9A1E7A4F7556}") = "46算法", "46算法\46算法.csproj", "{B2C8ACF3-4149-4D14-A145-3675F62C8717}"
EndProject
Project("{FAE04EC0-301F-11D3-BF4B-00C04F79EFBC}") = "47WebAPI", "47WebAPI\47WebAPI.csproj", "{D8C7C082-7091-42D7-95F1-BD24168F3AD4}"
EndProject
Global
	GlobalSection(SolutionConfigurationPlatforms) = preSolution
		Debug|Any CPU = Debug|Any CPU
		Release|Any CPU = Release|Any CPU
	EndGlobalSection
	GlobalSection(ProjectConfigurationPlatforms) = postSolution
		{4398E528-2E7D-44D2-8CA3-D8F663D97225}.Debug|Any CPU.ActiveCfg = Debug|Any CPU
		{4398E528-2E7D-44D2-8CA3-D8F663D97225}.Debug|Any CPU.Build.0 = Debug|Any CPU
		{4398E528-2E7D-44D2-8CA3-D8F663D97225}.Release|Any CPU.ActiveCfg = Release|Any CPU
		{4398E528-2E7D-44D2-8CA3-D8F663D97225}.Release|Any CPU.Build.0 = Release|Any CPU
		{88E5BD21-0A74-46A9-8FED-ACC1005FF525}.Debug|Any CPU.ActiveCfg = Debug|Any CPU
		{88E5BD21-0A74-46A9-8FED-ACC1005FF525}.Debug|Any CPU.Build.0 = Debug|Any CPU
		{88E5BD21-0A74-46A9-8FED-ACC1005FF525}.Release|Any CPU.ActiveCfg = Release|Any CPU
		{88E5BD21-0A74-46A9-8FED-ACC1005FF525}.Release|Any CPU.Build.0 = Release|Any CPU
		{C7A26965-C1B9-41F1-8F27-557A6D30E936}.Debug|Any CPU.ActiveCfg = Debug|Any CPU
		{C7A26965-C1B9-41F1-8F27-557A6D30E936}.Debug|Any CPU.Build.0 = Debug|Any CPU
		{C7A26965-C1B9-41F1-8F27-557A6D30E936}.Release|Any CPU.ActiveCfg = Release|Any CPU
		{C7A26965-C1B9-41F1-8F27-557A6D30E936}.Release|Any CPU.Build.0 = Release|Any CPU
		{3CFA7B14-18CE-4BD0-9386-E58B3635EC1C}.Debug|Any CPU.ActiveCfg = Debug|Any CPU
		{3CFA7B14-18CE-4BD0-9386-E58B3635EC1C}.Debug|Any CPU.Build.0 = Debug|Any CPU
		{3CFA7B14-18CE-4BD0-9386-E58B3635EC1C}.Release|Any CPU.ActiveCfg = Release|Any CPU
		{3CFA7B14-18CE-4BD0-9386-E58B3635EC1C}.Release|Any CPU.Build.0 = Release|Any CPU
		{392A42DE-1D57-421F-89E0-9A79115E3F99}.Debug|Any CPU.ActiveCfg = Debug|Any CPU
		{392A42DE-1D57-421F-89E0-9A79115E3F99}.Debug|Any CPU.Build.0 = Debug|Any CPU
		{392A42DE-1D57-421F-89E0-9A79115E3F99}.Release|Any CPU.ActiveCfg = Release|Any CPU
		{392A42DE-1D57-421F-89E0-9A79115E3F99}.Release|Any CPU.Build.0 = Release|Any CPU
		{34F1040E-EF6D-4FD7-BFF9-901B83370D08}.Debug|Any CPU.ActiveCfg = Debug|Any CPU
		{34F1040E-EF6D-4FD7-BFF9-901B83370D08}.Debug|Any CPU.Build.0 = Debug|Any CPU
		{34F1040E-EF6D-4FD7-BFF9-901B83370D08}.Release|Any CPU.ActiveCfg = Release|Any CPU
		{34F1040E-EF6D-4FD7-BFF9-901B83370D08}.Release|Any CPU.Build.0 = Release|Any CPU
		{149A96C7-D3E5-4C1A-930D-275B6EB86F76}.Debug|Any CPU.ActiveCfg = Debug|Any CPU
		{149A96C7-D3E5-4C1A-930D-275B6EB86F76}.Debug|Any CPU.Build.0 = Debug|Any CPU
		{149A96C7-D3E5-4C1A-930D-275B6EB86F76}.Release|Any CPU.ActiveCfg = Release|Any CPU
		{149A96C7-D3E5-4C1A-930D-275B6EB86F76}.Release|Any CPU.Build.0 = Release|Any CPU
		{FABA7F99-CFAD-4438-85CF-3AFFFA6315AF}.Debug|Any CPU.ActiveCfg = Debug|Any CPU
		{FABA7F99-CFAD-4438-85CF-3AFFFA6315AF}.Debug|Any CPU.Build.0 = Debug|Any CPU
		{FABA7F99-CFAD-4438-85CF-3AFFFA6315AF}.Release|Any CPU.ActiveCfg = Release|Any CPU
		{FABA7F99-CFAD-4438-85CF-3AFFFA6315AF}.Release|Any CPU.Build.0 = Release|Any CPU
		{74B549BF-9414-4C23-B207-7642B19A2EFF}.Debug|Any CPU.ActiveCfg = Debug|Any CPU
		{74B549BF-9414-4C23-B207-7642B19A2EFF}.Debug|Any CPU.Build.0 = Debug|Any CPU
		{74B549BF-9414-4C23-B207-7642B19A2EFF}.Release|Any CPU.ActiveCfg = Release|Any CPU
		{74B549BF-9414-4C23-B207-7642B19A2EFF}.Release|Any CPU.Build.0 = Release|Any CPU
		{45A72EDC-E3FE-46D2-9296-FB8EF1176251}.Debug|Any CPU.ActiveCfg = Debug|Any CPU
		{45A72EDC-E3FE-46D2-9296-FB8EF1176251}.Debug|Any CPU.Build.0 = Debug|Any CPU
		{45A72EDC-E3FE-46D2-9296-FB8EF1176251}.Release|Any CPU.ActiveCfg = Release|Any CPU
		{45A72EDC-E3FE-46D2-9296-FB8EF1176251}.Release|Any CPU.Build.0 = Release|Any CPU
		{0932222D-6D39-4C79-9657-0D272AF188C8}.Debug|Any CPU.ActiveCfg = Debug|Any CPU
		{0932222D-6D39-4C79-9657-0D272AF188C8}.Debug|Any CPU.Build.0 = Debug|Any CPU
		{0932222D-6D39-4C79-9657-0D272AF188C8}.Release|Any CPU.ActiveCfg = Release|Any CPU
		{0932222D-6D39-4C79-9657-0D272AF188C8}.Release|Any CPU.Build.0 = Release|Any CPU
		{A287FE6F-0F33-49F1-8C87-9CDC5509C1E3}.Debug|Any CPU.ActiveCfg = Debug|Any CPU
		{A287FE6F-0F33-49F1-8C87-9CDC5509C1E3}.Debug|Any CPU.Build.0 = Debug|Any CPU
		{A287FE6F-0F33-49F1-8C87-9CDC5509C1E3}.Release|Any CPU.ActiveCfg = Release|Any CPU
		{A287FE6F-0F33-49F1-8C87-9CDC5509C1E3}.Release|Any CPU.Build.0 = Release|Any CPU
		{03A1FB39-62E8-4CB6-BBC6-3998132EB3E3}.Debug|Any CPU.ActiveCfg = Debug|Any CPU
		{03A1FB39-62E8-4CB6-BBC6-3998132EB3E3}.Debug|Any CPU.Build.0 = Debug|Any CPU
		{03A1FB39-62E8-4CB6-BBC6-3998132EB3E3}.Release|Any CPU.ActiveCfg = Release|Any CPU
		{03A1FB39-62E8-4CB6-BBC6-3998132EB3E3}.Release|Any CPU.Build.0 = Release|Any CPU
		{C1FCE1F3-D5EA-4EB4-A998-58145BDC3B1A}.Debug|Any CPU.ActiveCfg = Debug|Any CPU
		{C1FCE1F3-D5EA-4EB4-A998-58145BDC3B1A}.Debug|Any CPU.Build.0 = Debug|Any CPU
		{C1FCE1F3-D5EA-4EB4-A998-58145BDC3B1A}.Release|Any CPU.ActiveCfg = Release|Any CPU
		{C1FCE1F3-D5EA-4EB4-A998-58145BDC3B1A}.Release|Any CPU.Build.0 = Release|Any CPU
		{68D186FB-07BC-4AC2-93E5-F60344FCFD18}.Debug|Any CPU.ActiveCfg = Debug|Any CPU
		{68D186FB-07BC-4AC2-93E5-F60344FCFD18}.Debug|Any CPU.Build.0 = Debug|Any CPU
		{68D186FB-07BC-4AC2-93E5-F60344FCFD18}.Release|Any CPU.ActiveCfg = Release|Any CPU
		{68D186FB-07BC-4AC2-93E5-F60344FCFD18}.Release|Any CPU.Build.0 = Release|Any CPU
		{58F774CB-2045-400E-84D6-3954933EF59A}.Debug|Any CPU.ActiveCfg = Debug|Any CPU
		{58F774CB-2045-400E-84D6-3954933EF59A}.Debug|Any CPU.Build.0 = Debug|Any CPU
		{58F774CB-2045-400E-84D6-3954933EF59A}.Release|Any CPU.ActiveCfg = Release|Any CPU
		{58F774CB-2045-400E-84D6-3954933EF59A}.Release|Any CPU.Build.0 = Release|Any CPU
		{94344B63-DEFC-4D77-8BC5-3B7379D8A862}.Debug|Any CPU.ActiveCfg = Debug|Any CPU
		{94344B63-DEFC-4D77-8BC5-3B7379D8A862}.Debug|Any CPU.Build.0 = Debug|Any CPU
		{94344B63-DEFC-4D77-8BC5-3B7379D8A862}.Release|Any CPU.ActiveCfg = Release|Any CPU
		{94344B63-DEFC-4D77-8BC5-3B7379D8A862}.Release|Any CPU.Build.0 = Release|Any CPU
		{C4ADC43B-E8B3-4411-8BE4-663E4B983D30}.Debug|Any CPU.ActiveCfg = Debug|Any CPU
		{C4ADC43B-E8B3-4411-8BE4-663E4B983D30}.Debug|Any CPU.Build.0 = Debug|Any CPU
		{C4ADC43B-E8B3-4411-8BE4-663E4B983D30}.Release|Any CPU.ActiveCfg = Release|Any CPU
		{C4ADC43B-E8B3-4411-8BE4-663E4B983D30}.Release|Any CPU.Build.0 = Release|Any CPU
		{BB408A63-6594-43AB-8ACC-5537E5FE68D0}.Debug|Any CPU.ActiveCfg = Debug|Any CPU
		{BB408A63-6594-43AB-8ACC-5537E5FE68D0}.Debug|Any CPU.Build.0 = Debug|Any CPU
		{BB408A63-6594-43AB-8ACC-5537E5FE68D0}.Release|Any CPU.ActiveCfg = Release|Any CPU
		{BB408A63-6594-43AB-8ACC-5537E5FE68D0}.Release|Any CPU.Build.0 = Release|Any CPU
		{8108DB15-372E-41B7-8790-094C5A999EA6}.Debug|Any CPU.ActiveCfg = Debug|Any CPU
		{8108DB15-372E-41B7-8790-094C5A999EA6}.Debug|Any CPU.Build.0 = Debug|Any CPU
		{8108DB15-372E-41B7-8790-094C5A999EA6}.Release|Any CPU.ActiveCfg = Release|Any CPU
		{8108DB15-372E-41B7-8790-094C5A999EA6}.Release|Any CPU.Build.0 = Release|Any CPU
		{61EE2199-8372-4CB4-A013-597F748A1DB5}.Debug|Any CPU.ActiveCfg = Debug|Any CPU
		{61EE2199-8372-4CB4-A013-597F748A1DB5}.Debug|Any CPU.Build.0 = Debug|Any CPU
		{61EE2199-8372-4CB4-A013-597F748A1DB5}.Release|Any CPU.ActiveCfg = Release|Any CPU
		{61EE2199-8372-4CB4-A013-597F748A1DB5}.Release|Any CPU.Build.0 = Release|Any CPU
		{4319EDC1-4588-4944-8E9B-C911A17F344A}.Debug|Any CPU.ActiveCfg = Debug|Any CPU
		{4319EDC1-4588-4944-8E9B-C911A17F344A}.Debug|Any CPU.Build.0 = Debug|Any CPU
		{4319EDC1-4588-4944-8E9B-C911A17F344A}.Release|Any CPU.ActiveCfg = Release|Any CPU
		{4319EDC1-4588-4944-8E9B-C911A17F344A}.Release|Any CPU.Build.0 = Release|Any CPU
		{5BC934CC-70F4-4E16-A23D-1A3B18AE6B14}.Debug|Any CPU.ActiveCfg = Debug|Any CPU
		{5BC934CC-70F4-4E16-A23D-1A3B18AE6B14}.Debug|Any CPU.Build.0 = Debug|Any CPU
		{5BC934CC-70F4-4E16-A23D-1A3B18AE6B14}.Release|Any CPU.ActiveCfg = Release|Any CPU
		{5BC934CC-70F4-4E16-A23D-1A3B18AE6B14}.Release|Any CPU.Build.0 = Release|Any CPU
		{B85F9FFA-10E9-4D59-8020-D58E2185C2A5}.Debug|Any CPU.ActiveCfg = Debug|Any CPU
		{B85F9FFA-10E9-4D59-8020-D58E2185C2A5}.Debug|Any CPU.Build.0 = Debug|Any CPU
		{B85F9FFA-10E9-4D59-8020-D58E2185C2A5}.Release|Any CPU.ActiveCfg = Release|Any CPU
		{B85F9FFA-10E9-4D59-8020-D58E2185C2A5}.Release|Any CPU.Build.0 = Release|Any CPU
		{99DD58A5-98D5-4C0C-B87B-3EA79F47AB97}.Debug|Any CPU.ActiveCfg = Debug|Any CPU
		{99DD58A5-98D5-4C0C-B87B-3EA79F47AB97}.Debug|Any CPU.Build.0 = Debug|Any CPU
		{99DD58A5-98D5-4C0C-B87B-3EA79F47AB97}.Release|Any CPU.ActiveCfg = Release|Any CPU
		{99DD58A5-98D5-4C0C-B87B-3EA79F47AB97}.Release|Any CPU.Build.0 = Release|Any CPU
		{47341151-A4A7-4A4B-8671-C7BA1E917EEE}.Debug|Any CPU.ActiveCfg = Debug|Any CPU
		{47341151-A4A7-4A4B-8671-C7BA1E917EEE}.Debug|Any CPU.Build.0 = Debug|Any CPU
		{47341151-A4A7-4A4B-8671-C7BA1E917EEE}.Release|Any CPU.ActiveCfg = Release|Any CPU
		{47341151-A4A7-4A4B-8671-C7BA1E917EEE}.Release|Any CPU.Build.0 = Release|Any CPU
		{B6BE318A-4831-4B0C-843B-8D8E357B33E7}.Debug|Any CPU.ActiveCfg = Debug|Any CPU
		{B6BE318A-4831-4B0C-843B-8D8E357B33E7}.Debug|Any CPU.Build.0 = Debug|Any CPU
		{B6BE318A-4831-4B0C-843B-8D8E357B33E7}.Release|Any CPU.ActiveCfg = Release|Any CPU
		{B6BE318A-4831-4B0C-843B-8D8E357B33E7}.Release|Any CPU.Build.0 = Release|Any CPU
		{445B72C3-DEB9-4E54-BBAC-F31B266B32A7}.Debug|Any CPU.ActiveCfg = Debug|Any CPU
		{445B72C3-DEB9-4E54-BBAC-F31B266B32A7}.Debug|Any CPU.Build.0 = Debug|Any CPU
		{445B72C3-DEB9-4E54-BBAC-F31B266B32A7}.Release|Any CPU.ActiveCfg = Release|Any CPU
		{445B72C3-DEB9-4E54-BBAC-F31B266B32A7}.Release|Any CPU.Build.0 = Release|Any CPU
		{D785E6A7-5739-40D2-8631-C165660EB2E3}.Debug|Any CPU.ActiveCfg = Debug|Any CPU
		{D785E6A7-5739-40D2-8631-C165660EB2E3}.Debug|Any CPU.Build.0 = Debug|Any CPU
		{D785E6A7-5739-40D2-8631-C165660EB2E3}.Release|Any CPU.ActiveCfg = Release|Any CPU
		{D785E6A7-5739-40D2-8631-C165660EB2E3}.Release|Any CPU.Build.0 = Release|Any CPU
		{B39FE6DB-03BC-44F5-9C2A-3AB1A8AA609E}.Debug|Any CPU.ActiveCfg = Debug|Any CPU
		{B39FE6DB-03BC-44F5-9C2A-3AB1A8AA609E}.Debug|Any CPU.Build.0 = Debug|Any CPU
		{B39FE6DB-03BC-44F5-9C2A-3AB1A8AA609E}.Release|Any CPU.ActiveCfg = Release|Any CPU
		{B39FE6DB-03BC-44F5-9C2A-3AB1A8AA609E}.Release|Any CPU.Build.0 = Release|Any CPU
		{5DB4441E-9813-448F-9833-917C2EB6865B}.Debug|Any CPU.ActiveCfg = Debug|Any CPU
		{5DB4441E-9813-448F-9833-917C2EB6865B}.Debug|Any CPU.Build.0 = Debug|Any CPU
		{5DB4441E-9813-448F-9833-917C2EB6865B}.Release|Any CPU.ActiveCfg = Release|Any CPU
		{5DB4441E-9813-448F-9833-917C2EB6865B}.Release|Any CPU.Build.0 = Release|Any CPU
		{8A716009-04F6-4B46-B67A-ECD1A0528A43}.Debug|Any CPU.ActiveCfg = Debug|Any CPU
		{8A716009-04F6-4B46-B67A-ECD1A0528A43}.Debug|Any CPU.Build.0 = Debug|Any CPU
		{8A716009-04F6-4B46-B67A-ECD1A0528A43}.Release|Any CPU.ActiveCfg = Release|Any CPU
		{8A716009-04F6-4B46-B67A-ECD1A0528A43}.Release|Any CPU.Build.0 = Release|Any CPU
		{62F4382A-76B4-48CB-A8F2-21339B87441A}.Debug|Any CPU.ActiveCfg = Debug|Any CPU
		{62F4382A-76B4-48CB-A8F2-21339B87441A}.Debug|Any CPU.Build.0 = Debug|Any CPU
		{62F4382A-76B4-48CB-A8F2-21339B87441A}.Release|Any CPU.ActiveCfg = Release|Any CPU
		{62F4382A-76B4-48CB-A8F2-21339B87441A}.Release|Any CPU.Build.0 = Release|Any CPU
		{0F2D8517-F555-499B-B22B-4F0741E809CC}.Debug|Any CPU.ActiveCfg = Debug|Any CPU
		{0F2D8517-F555-499B-B22B-4F0741E809CC}.Debug|Any CPU.Build.0 = Debug|Any CPU
		{0F2D8517-F555-499B-B22B-4F0741E809CC}.Release|Any CPU.ActiveCfg = Release|Any CPU
		{0F2D8517-F555-499B-B22B-4F0741E809CC}.Release|Any CPU.Build.0 = Release|Any CPU
		{B62E925D-0C27-4CC6-AB12-88732718FADF}.Debug|Any CPU.ActiveCfg = Debug|Any CPU
		{B62E925D-0C27-4CC6-AB12-88732718FADF}.Debug|Any CPU.Build.0 = Debug|Any CPU
		{B62E925D-0C27-4CC6-AB12-88732718FADF}.Release|Any CPU.ActiveCfg = Release|Any CPU
		{B62E925D-0C27-4CC6-AB12-88732718FADF}.Release|Any CPU.Build.0 = Release|Any CPU
		{B3780313-2A4D-4A0E-BFA5-5659CE64FC00}.Debug|Any CPU.ActiveCfg = Debug|Any CPU
		{B3780313-2A4D-4A0E-BFA5-5659CE64FC00}.Debug|Any CPU.Build.0 = Debug|Any CPU
		{B3780313-2A4D-4A0E-BFA5-5659CE64FC00}.Release|Any CPU.ActiveCfg = Release|Any CPU
		{B3780313-2A4D-4A0E-BFA5-5659CE64FC00}.Release|Any CPU.Build.0 = Release|Any CPU
		{4DFC58C6-D276-4B3A-94FD-0452C4392E52}.Debug|Any CPU.ActiveCfg = Debug|Any CPU
		{4DFC58C6-D276-4B3A-94FD-0452C4392E52}.Debug|Any CPU.Build.0 = Debug|Any CPU
		{4DFC58C6-D276-4B3A-94FD-0452C4392E52}.Release|Any CPU.ActiveCfg = Release|Any CPU
		{4DFC58C6-D276-4B3A-94FD-0452C4392E52}.Release|Any CPU.Build.0 = Release|Any CPU
		{2C3CA729-1EEE-451F-AB8E-F92A161F34CB}.Debug|Any CPU.ActiveCfg = Debug|Any CPU
		{2C3CA729-1EEE-451F-AB8E-F92A161F34CB}.Debug|Any CPU.Build.0 = Debug|Any CPU
		{2C3CA729-1EEE-451F-AB8E-F92A161F34CB}.Release|Any CPU.ActiveCfg = Release|Any CPU
		{2C3CA729-1EEE-451F-AB8E-F92A161F34CB}.Release|Any CPU.Build.0 = Release|Any CPU
		{89C129FF-A9D3-4A97-9949-23CD16F2DC63}.Debug|Any CPU.ActiveCfg = Debug|Any CPU
		{89C129FF-A9D3-4A97-9949-23CD16F2DC63}.Debug|Any CPU.Build.0 = Debug|Any CPU
		{89C129FF-A9D3-4A97-9949-23CD16F2DC63}.Release|Any CPU.ActiveCfg = Release|Any CPU
		{89C129FF-A9D3-4A97-9949-23CD16F2DC63}.Release|Any CPU.Build.0 = Release|Any CPU
		{4DE4D85F-295C-46E7-ABF6-8EB87A331CFA}.Debug|Any CPU.ActiveCfg = Debug|Any CPU
		{4DE4D85F-295C-46E7-ABF6-8EB87A331CFA}.Debug|Any CPU.Build.0 = Debug|Any CPU
		{4DE4D85F-295C-46E7-ABF6-8EB87A331CFA}.Release|Any CPU.ActiveCfg = Release|Any CPU
		{4DE4D85F-295C-46E7-ABF6-8EB87A331CFA}.Release|Any CPU.Build.0 = Release|Any CPU
		{8BCE4102-A942-4641-950A-955FD124498B}.Debug|Any CPU.ActiveCfg = Debug|Any CPU
		{8BCE4102-A942-4641-950A-955FD124498B}.Debug|Any CPU.Build.0 = Debug|Any CPU
		{8BCE4102-A942-4641-950A-955FD124498B}.Release|Any CPU.ActiveCfg = Release|Any CPU
		{8BCE4102-A942-4641-950A-955FD124498B}.Release|Any CPU.Build.0 = Release|Any CPU
		{31104EB3-3BC3-40EB-8F82-E4795BE667C2}.Debug|Any CPU.ActiveCfg = Debug|Any CPU
		{31104EB3-3BC3-40EB-8F82-E4795BE667C2}.Debug|Any CPU.Build.0 = Debug|Any CPU
		{31104EB3-3BC3-40EB-8F82-E4795BE667C2}.Release|Any CPU.ActiveCfg = Release|Any CPU
		{31104EB3-3BC3-40EB-8F82-E4795BE667C2}.Release|Any CPU.Build.0 = Release|Any CPU
		{3CFBF1AF-F9A9-4C58-9290-3E765E10931D}.Debug|Any CPU.ActiveCfg = Debug|Any CPU
		{3CFBF1AF-F9A9-4C58-9290-3E765E10931D}.Debug|Any CPU.Build.0 = Debug|Any CPU
		{3CFBF1AF-F9A9-4C58-9290-3E765E10931D}.Release|Any CPU.ActiveCfg = Release|Any CPU
		{3CFBF1AF-F9A9-4C58-9290-3E765E10931D}.Release|Any CPU.Build.0 = Release|Any CPU
		{50C4C31C-20CD-403F-8950-3AEC9B67CBE0}.Debug|Any CPU.ActiveCfg = Debug|Any CPU
		{50C4C31C-20CD-403F-8950-3AEC9B67CBE0}.Debug|Any CPU.Build.0 = Debug|Any CPU
		{50C4C31C-20CD-403F-8950-3AEC9B67CBE0}.Release|Any CPU.ActiveCfg = Release|Any CPU
		{50C4C31C-20CD-403F-8950-3AEC9B67CBE0}.Release|Any CPU.Build.0 = Release|Any CPU
		{1E1BFAE1-3CAA-4EDC-8F25-95D9CFB2F37C}.Debug|Any CPU.ActiveCfg = Debug|Any CPU
		{1E1BFAE1-3CAA-4EDC-8F25-95D9CFB2F37C}.Debug|Any CPU.Build.0 = Debug|Any CPU
		{1E1BFAE1-3CAA-4EDC-8F25-95D9CFB2F37C}.Release|Any CPU.ActiveCfg = Release|Any CPU
		{1E1BFAE1-3CAA-4EDC-8F25-95D9CFB2F37C}.Release|Any CPU.Build.0 = Release|Any CPU
		{2819EB60-C3F8-4EC0-9388-CA0F8499F761}.Debug|Any CPU.ActiveCfg = Debug|Any CPU
		{2819EB60-C3F8-4EC0-9388-CA0F8499F761}.Debug|Any CPU.Build.0 = Debug|Any CPU
		{2819EB60-C3F8-4EC0-9388-CA0F8499F761}.Release|Any CPU.ActiveCfg = Release|Any CPU
		{2819EB60-C3F8-4EC0-9388-CA0F8499F761}.Release|Any CPU.Build.0 = Release|Any CPU
		{B2C8ACF3-4149-4D14-A145-3675F62C8717}.Debug|Any CPU.ActiveCfg = Debug|Any CPU
		{B2C8ACF3-4149-4D14-A145-3675F62C8717}.Debug|Any CPU.Build.0 = Debug|Any CPU
		{B2C8ACF3-4149-4D14-A145-3675F62C8717}.Release|Any CPU.ActiveCfg = Release|Any CPU
		{B2C8ACF3-4149-4D14-A145-3675F62C8717}.Release|Any CPU.Build.0 = Release|Any CPU
		{D8C7C082-7091-42D7-95F1-BD24168F3AD4}.Debug|Any CPU.ActiveCfg = Debug|Any CPU
		{D8C7C082-7091-42D7-95F1-BD24168F3AD4}.Debug|Any CPU.Build.0 = Debug|Any CPU
		{D8C7C082-7091-42D7-95F1-BD24168F3AD4}.Release|Any CPU.ActiveCfg = Release|Any CPU
		{D8C7C082-7091-42D7-95F1-BD24168F3AD4}.Release|Any CPU.Build.0 = Release|Any CPU
	EndGlobalSection
	GlobalSection(SolutionProperties) = preSolution
		HideSolutionNode = FALSE
	EndGlobalSection
	GlobalSection(ExtensibilityGlobals) = postSolution
		SolutionGuid = {D5234FED-9E02-46F1-885B-EAB7D7A1AAD5}
	EndGlobalSection
EndGlobal
